
Microsoft Visual Studio Solution File, Format Version 12.00
Project("{FAE04EC0-301F-11D3-BF4B-00C04F79EFBC}") = "ShoppingBasket.Domain", "src\Core\ShoppingBasket.Domain\ShoppingBasket.Domain.csproj", "{55CD2D30-89BB-4F03-8AC7-4DFC5F95878B}"
EndProject
Global
	GlobalSection(SolutionConfigurationPlatforms) = preSolution
		Debug|Any CPU = Debug|Any CPU
		Release|Any CPU = Release|Any CPU
	EndGlobalSection
	GlobalSection(ProjectConfigurationPlatforms) = postSolution
		{55CD2D30-89BB-4F03-8AC7-4DFC5F95878B}.Debug|Any CPU.ActiveCfg = Debug|Any CPU
		{55CD2D30-89BB-4F03-8AC7-4DFC5F95878B}.Debug|Any CPU.Build.0 = Debug|Any CPU
		{55CD2D30-89BB-4F03-8AC7-4DFC5F95878B}.Release|Any CPU.ActiveCfg = Release|Any CPU
		{55CD2D30-89BB-4F03-8AC7-4DFC5F95878B}.Release|Any CPU.Build.0 = Release|Any CPU
	EndGlobalSection
EndGlobal
