
Microsoft Visual Studio Solution File, Format Version 12.00
Project("{FAE04EC0-301F-11D3-BF4B-00C04F79EFBC}") = "ShoppingBasket.Domain", "src\Core\ShoppingBasket.Domain\ShoppingBasket.Domain.csproj", "{55CD2D30-89BB-4F03-8AC7-4DFC5F95878B}"
EndProject
Project("{FAE04EC0-301F-11D3-BF4B-00C04F79EFBC}") = "ShoppingBasket.Application", "src\Core\ShoppingBasket.Application\ShoppingBasket.Application.csproj", "{C2D8D7E7-823F-4478-BBB3-D0EA7BB1FF2C}"
EndProject
Project("{FAE04EC0-301F-11D3-BF4B-00C04F79EFBC}") = "ShoppingBasket.Persistence", "src\Infrastructure\ShoppingBasket.Persistence\ShoppingBasket.Persistence.csproj", "{0ACA5242-10F8-4655-9712-199092A0F2FD}"
EndProject
Project("{FAE04EC0-301F-11D3-BF4B-00C04F79EFBC}") = "ShoppingBasket.Api", "src\API\ShoppingBasket.Api\ShoppingBasket.Api.csproj", "{11CA1BEF-6709-4A66-B559-A3381B97385D}"
EndProject
Project("{FAE04EC0-301F-11D3-BF4B-00C04F79EFBC}") = "ShoppingBasket.Infrastructure", "src\Infrastructure\ShoppingBasket.Infrastructure\ShoppingBasket.Infrastructure.csproj", "{1B2E8A89-4361-4816-9823-F2F101D0EF85}"
EndProject
Project("{FAE04EC0-301F-11D3-BF4B-00C04F79EFBC}") = "ShoppingBasket.Application.UnitTests", "test\ShoppingBasket.Application.UnitTests\ShoppingBasket.Application.UnitTests.csproj", "{FEBA0D35-F754-4FE6-974A-BAA4C8457238}"
EndProject
Global
	GlobalSection(SolutionConfigurationPlatforms) = preSolution
		Debug|Any CPU = Debug|Any CPU
		Release|Any CPU = Release|Any CPU
	EndGlobalSection
	GlobalSection(ProjectConfigurationPlatforms) = postSolution
		{55CD2D30-89BB-4F03-8AC7-4DFC5F95878B}.Debug|Any CPU.ActiveCfg = Debug|Any CPU
		{55CD2D30-89BB-4F03-8AC7-4DFC5F95878B}.Debug|Any CPU.Build.0 = Debug|Any CPU
		{55CD2D30-89BB-4F03-8AC7-4DFC5F95878B}.Release|Any CPU.ActiveCfg = Release|Any CPU
		{55CD2D30-89BB-4F03-8AC7-4DFC5F95878B}.Release|Any CPU.Build.0 = Release|Any CPU
		{C2D8D7E7-823F-4478-BBB3-D0EA7BB1FF2C}.Debug|Any CPU.ActiveCfg = Debug|Any CPU
		{C2D8D7E7-823F-4478-BBB3-D0EA7BB1FF2C}.Debug|Any CPU.Build.0 = Debug|Any CPU
		{C2D8D7E7-823F-4478-BBB3-D0EA7BB1FF2C}.Release|Any CPU.ActiveCfg = Release|Any CPU
		{C2D8D7E7-823F-4478-BBB3-D0EA7BB1FF2C}.Release|Any CPU.Build.0 = Release|Any CPU
		{0ACA5242-10F8-4655-9712-199092A0F2FD}.Debug|Any CPU.ActiveCfg = Debug|Any CPU
		{0ACA5242-10F8-4655-9712-199092A0F2FD}.Debug|Any CPU.Build.0 = Debug|Any CPU
		{0ACA5242-10F8-4655-9712-199092A0F2FD}.Release|Any CPU.ActiveCfg = Release|Any CPU
		{0ACA5242-10F8-4655-9712-199092A0F2FD}.Release|Any CPU.Build.0 = Release|Any CPU
		{11CA1BEF-6709-4A66-B559-A3381B97385D}.Debug|Any CPU.ActiveCfg = Debug|Any CPU
		{11CA1BEF-6709-4A66-B559-A3381B97385D}.Debug|Any CPU.Build.0 = Debug|Any CPU
		{11CA1BEF-6709-4A66-B559-A3381B97385D}.Release|Any CPU.ActiveCfg = Release|Any CPU
		{11CA1BEF-6709-4A66-B559-A3381B97385D}.Release|Any CPU.Build.0 = Release|Any CPU
		{1B2E8A89-4361-4816-9823-F2F101D0EF85}.Debug|Any CPU.ActiveCfg = Debug|Any CPU
		{1B2E8A89-4361-4816-9823-F2F101D0EF85}.Debug|Any CPU.Build.0 = Debug|Any CPU
		{1B2E8A89-4361-4816-9823-F2F101D0EF85}.Release|Any CPU.ActiveCfg = Release|Any CPU
		{1B2E8A89-4361-4816-9823-F2F101D0EF85}.Release|Any CPU.Build.0 = Release|Any CPU
		{FEBA0D35-F754-4FE6-974A-BAA4C8457238}.Debug|Any CPU.ActiveCfg = Debug|Any CPU
		{FEBA0D35-F754-4FE6-974A-BAA4C8457238}.Debug|Any CPU.Build.0 = Debug|Any CPU
		{FEBA0D35-F754-4FE6-974A-BAA4C8457238}.Release|Any CPU.ActiveCfg = Release|Any CPU
		{FEBA0D35-F754-4FE6-974A-BAA4C8457238}.Release|Any CPU.Build.0 = Release|Any CPU
	EndGlobalSection
EndGlobal
